
Microsoft Visual Studio Solution File, Format Version 11.00
# Visual Studio 2010
Project("{FAE04EC0-301F-11D3-BF4B-00C04F79EFBC}") = "sysmgrt.net", "sysmgrt.net.csproj", "{BC29B8AA-BF22-4526-B29A-7C04C30DF39A}"
EndProject
Project("{FAE04EC0-301F-11D3-BF4B-00C04F79EFBC}") = "clientControl", "clientControl\clientControl.csproj", "{A81939C7-DC56-4466-96CB-D8CBB7FEE0B2}"
EndProject
Global
	GlobalSection(SolutionConfigurationPlatforms) = preSolution
		Debug|x86 = Debug|x86
		Release|x86 = Release|x86
		AppStore|Any CPU = AppStore|Any CPU
	EndGlobalSection
	GlobalSection(ProjectConfigurationPlatforms) = postSolution
		{A81939C7-DC56-4466-96CB-D8CBB7FEE0B2}.AppStore|Any CPU.ActiveCfg = Debug|x86
		{A81939C7-DC56-4466-96CB-D8CBB7FEE0B2}.AppStore|Any CPU.Build.0 = Debug|x86
		{A81939C7-DC56-4466-96CB-D8CBB7FEE0B2}.Debug|x86.ActiveCfg = Debug|x86
		{A81939C7-DC56-4466-96CB-D8CBB7FEE0B2}.Debug|x86.Build.0 = Debug|x86
		{A81939C7-DC56-4466-96CB-D8CBB7FEE0B2}.Release|x86.ActiveCfg = Release|x86
		{A81939C7-DC56-4466-96CB-D8CBB7FEE0B2}.Release|x86.Build.0 = Release|x86
		{BC29B8AA-BF22-4526-B29A-7C04C30DF39A}.AppStore|Any CPU.ActiveCfg = Debug|x86
		{BC29B8AA-BF22-4526-B29A-7C04C30DF39A}.AppStore|Any CPU.Build.0 = Debug|x86
		{BC29B8AA-BF22-4526-B29A-7C04C30DF39A}.Debug|x86.ActiveCfg = Debug|x86
		{BC29B8AA-BF22-4526-B29A-7C04C30DF39A}.Debug|x86.Build.0 = Debug|x86
		{BC29B8AA-BF22-4526-B29A-7C04C30DF39A}.Release|x86.ActiveCfg = Release|x86
		{BC29B8AA-BF22-4526-B29A-7C04C30DF39A}.Release|x86.Build.0 = Release|x86
	EndGlobalSection
	GlobalSection(MonoDevelopProperties) = preSolution
		StartupItem = sysmgrt.net.csproj
	EndGlobalSection
EndGlobal
