
Microsoft Visual Studio Solution File, Format Version 11.00
# Visual Studio 2010
Project("{FAE04EC0-301F-11D3-BF4B-00C04F79EFBC}") = "sysmgrt.net", "sysmgrt.net\sysmgrt.net.csproj", "{BC29B8AA-BF22-4526-B29A-7C04C30DF39A}"
EndProject
Project("{8BC9CEB8-8B4A-11D0-8D11-00A0C91BC942}") = "sysmgrt_win32", "sysmgrt_win32\sysmgrt_win32.vcxproj", "{CBAEC55F-CE04-4410-AB41-EC16EB95820D}"
EndProject
Project("{2150E333-8FDC-42A3-9474-1A3956D46DE8}") = "Solution Items", "Solution Items", "{E0F5F8C0-6E14-4CFF-BD36-2C45B9AA5921}"
	ProjectSection(SolutionItems) = preProject
		zkq.cs = zkq.cs
	EndProjectSection
EndProject
Global
	GlobalSection(SolutionConfigurationPlatforms) = preSolution
		Debug|Mixed Platforms = Debug|Mixed Platforms
		Debug|Win32 = Debug|Win32
		Debug|x86 = Debug|x86
		Release|Mixed Platforms = Release|Mixed Platforms
		Release|Win32 = Release|Win32
		Release|x86 = Release|x86
	EndGlobalSection
	GlobalSection(ProjectConfigurationPlatforms) = postSolution
		{BC29B8AA-BF22-4526-B29A-7C04C30DF39A}.Debug|Mixed Platforms.ActiveCfg = Debug|x86
		{BC29B8AA-BF22-4526-B29A-7C04C30DF39A}.Debug|Mixed Platforms.Build.0 = Debug|x86
		{BC29B8AA-BF22-4526-B29A-7C04C30DF39A}.Debug|Win32.ActiveCfg = Debug|x86
		{BC29B8AA-BF22-4526-B29A-7C04C30DF39A}.Debug|x86.ActiveCfg = Debug|x86
		{BC29B8AA-BF22-4526-B29A-7C04C30DF39A}.Debug|x86.Build.0 = Debug|x86
		{BC29B8AA-BF22-4526-B29A-7C04C30DF39A}.Release|Mixed Platforms.ActiveCfg = Release|x86
		{BC29B8AA-BF22-4526-B29A-7C04C30DF39A}.Release|Mixed Platforms.Build.0 = Release|x86
		{BC29B8AA-BF22-4526-B29A-7C04C30DF39A}.Release|Win32.ActiveCfg = Release|x86
		{BC29B8AA-BF22-4526-B29A-7C04C30DF39A}.Release|x86.ActiveCfg = Release|x86
		{BC29B8AA-BF22-4526-B29A-7C04C30DF39A}.Release|x86.Build.0 = Release|x86
		{CBAEC55F-CE04-4410-AB41-EC16EB95820D}.Debug|Mixed Platforms.ActiveCfg = Debug|Win32
		{CBAEC55F-CE04-4410-AB41-EC16EB95820D}.Debug|Mixed Platforms.Build.0 = Debug|Win32
		{CBAEC55F-CE04-4410-AB41-EC16EB95820D}.Debug|Win32.ActiveCfg = Debug|Win32
		{CBAEC55F-CE04-4410-AB41-EC16EB95820D}.Debug|Win32.Build.0 = Debug|Win32
		{CBAEC55F-CE04-4410-AB41-EC16EB95820D}.Debug|x86.ActiveCfg = Debug|Win32
		{CBAEC55F-CE04-4410-AB41-EC16EB95820D}.Release|Mixed Platforms.ActiveCfg = Release|Win32
		{CBAEC55F-CE04-4410-AB41-EC16EB95820D}.Release|Mixed Platforms.Build.0 = Release|Win32
		{CBAEC55F-CE04-4410-AB41-EC16EB95820D}.Release|Win32.ActiveCfg = Release|Win32
		{CBAEC55F-CE04-4410-AB41-EC16EB95820D}.Release|Win32.Build.0 = Release|Win32
		{CBAEC55F-CE04-4410-AB41-EC16EB95820D}.Release|x86.ActiveCfg = Release|Win32
	EndGlobalSection
	GlobalSection(NestedProjects) = preSolution
	EndGlobalSection
	GlobalSection(MonoDevelopProperties) = preSolution
		StartupItem = sysmgrt.net\sysmgrt.net.csproj
	EndGlobalSection
	GlobalSection(SolutionProperties) = preSolution
		HideSolutionNode = FALSE
	EndGlobalSection
EndGlobal
