
Microsoft Visual Studio Solution File, Format Version 11.00
# Visual Studio 2010
Project("{8BC9CEB8-8B4A-11D0-8D11-00A0C91BC942}") = "sysmgrt_win32", "sysmgrt_win32.vcxproj", "{CBAEC55F-CE04-4410-AB41-EC16EB95820D}"
EndProject
Project("{FAE04EC0-301F-11D3-BF4B-00C04F79EFBC}") = "clientMgrt", "..\clientMgrt\clientMgrt.csproj", "{F7C7B7AB-8792-45CF-80D8-24C95ADAA265}"
EndProject
Project("{8BC9CEB8-8B4A-11D0-8D11-00A0C91BC942}") = "zk_sysmgrt_proxy", "zk_sysmgrt_proxy\zk_sysmgrt_proxy.vcxproj", "{B8481EEC-1143-4823-8AC6-520FF4B7FE0F}"
EndProject
Global
	GlobalSection(SolutionConfigurationPlatforms) = preSolution
		Debug|Mixed Platforms = Debug|Mixed Platforms
		Debug|Win32 = Debug|Win32
		Debug|x86 = Debug|x86
		Release|Mixed Platforms = Release|Mixed Platforms
		Release|Win32 = Release|Win32
		Release|x86 = Release|x86
	EndGlobalSection
	GlobalSection(ProjectConfigurationPlatforms) = postSolution
		{CBAEC55F-CE04-4410-AB41-EC16EB95820D}.Debug|Mixed Platforms.ActiveCfg = Debug|Win32
		{CBAEC55F-CE04-4410-AB41-EC16EB95820D}.Debug|Mixed Platforms.Build.0 = Debug|Win32
		{CBAEC55F-CE04-4410-AB41-EC16EB95820D}.Debug|Win32.ActiveCfg = Debug|Win32
		{CBAEC55F-CE04-4410-AB41-EC16EB95820D}.Debug|Win32.Build.0 = Debug|Win32
		{CBAEC55F-CE04-4410-AB41-EC16EB95820D}.Debug|x86.ActiveCfg = Debug|Win32
		{CBAEC55F-CE04-4410-AB41-EC16EB95820D}.Release|Mixed Platforms.ActiveCfg = Release|Win32
		{CBAEC55F-CE04-4410-AB41-EC16EB95820D}.Release|Mixed Platforms.Build.0 = Release|Win32
		{CBAEC55F-CE04-4410-AB41-EC16EB95820D}.Release|Win32.ActiveCfg = Release|Win32
		{CBAEC55F-CE04-4410-AB41-EC16EB95820D}.Release|Win32.Build.0 = Release|Win32
		{CBAEC55F-CE04-4410-AB41-EC16EB95820D}.Release|x86.ActiveCfg = Release|Win32
		{F7C7B7AB-8792-45CF-80D8-24C95ADAA265}.Debug|Mixed Platforms.ActiveCfg = Debug|x86
		{F7C7B7AB-8792-45CF-80D8-24C95ADAA265}.Debug|Mixed Platforms.Build.0 = Debug|x86
		{F7C7B7AB-8792-45CF-80D8-24C95ADAA265}.Debug|Win32.ActiveCfg = Debug|x86
		{F7C7B7AB-8792-45CF-80D8-24C95ADAA265}.Debug|x86.ActiveCfg = Debug|x86
		{F7C7B7AB-8792-45CF-80D8-24C95ADAA265}.Debug|x86.Build.0 = Debug|x86
		{F7C7B7AB-8792-45CF-80D8-24C95ADAA265}.Release|Mixed Platforms.ActiveCfg = Release|x86
		{F7C7B7AB-8792-45CF-80D8-24C95ADAA265}.Release|Mixed Platforms.Build.0 = Release|x86
		{F7C7B7AB-8792-45CF-80D8-24C95ADAA265}.Release|Win32.ActiveCfg = Release|x86
		{F7C7B7AB-8792-45CF-80D8-24C95ADAA265}.Release|x86.ActiveCfg = Release|x86
		{F7C7B7AB-8792-45CF-80D8-24C95ADAA265}.Release|x86.Build.0 = Release|x86
		{B8481EEC-1143-4823-8AC6-520FF4B7FE0F}.Debug|Mixed Platforms.ActiveCfg = Debug|Win32
		{B8481EEC-1143-4823-8AC6-520FF4B7FE0F}.Debug|Mixed Platforms.Build.0 = Debug|Win32
		{B8481EEC-1143-4823-8AC6-520FF4B7FE0F}.Debug|Win32.ActiveCfg = Debug|Win32
		{B8481EEC-1143-4823-8AC6-520FF4B7FE0F}.Debug|Win32.Build.0 = Debug|Win32
		{B8481EEC-1143-4823-8AC6-520FF4B7FE0F}.Debug|x86.ActiveCfg = Debug|Win32
		{B8481EEC-1143-4823-8AC6-520FF4B7FE0F}.Release|Mixed Platforms.ActiveCfg = Release|Win32
		{B8481EEC-1143-4823-8AC6-520FF4B7FE0F}.Release|Mixed Platforms.Build.0 = Release|Win32
		{B8481EEC-1143-4823-8AC6-520FF4B7FE0F}.Release|Win32.ActiveCfg = Release|Win32
		{B8481EEC-1143-4823-8AC6-520FF4B7FE0F}.Release|Win32.Build.0 = Release|Win32
		{B8481EEC-1143-4823-8AC6-520FF4B7FE0F}.Release|x86.ActiveCfg = Release|Win32
	EndGlobalSection
	GlobalSection(SolutionProperties) = preSolution
		HideSolutionNode = FALSE
	EndGlobalSection
EndGlobal
